// !$*UTF8*$!
{
	archiveVersion = 1;
	classes = {
	};
	objectVersion = 56;
	objects = {

/* Begin PBXBuildFile section */
		3010F6342B10F87E00EB7360 /* ZippyJSON in Frameworks */ = {isa = PBXBuildFile; productRef = 3010F6332B10F87E00EB7360 /* ZippyJSON */; };
		3010F6372B11358E00EB7360 /* ImageExamples.swift in Sources */ = {isa = PBXBuildFile; fileRef = 3010F6362B11358E00EB7360 /* ImageExamples.swift */; };
		3010F6392B12F6D900EB7360 /* CodableEdgeInsets.swift in Sources */ = {isa = PBXBuildFile; fileRef = 3010F6382B12F6D900EB7360 /* CodableEdgeInsets.swift */; };
		3010F63B2B12F6F800EB7360 /* CodableAxisSet.swift in Sources */ = {isa = PBXBuildFile; fileRef = 3010F63A2B12F6F800EB7360 /* CodableAxisSet.swift */; };
		3010F63E2B13069000EB7360 /* State.swift in Sources */ = {isa = PBXBuildFile; fileRef = 3010F63D2B13069000EB7360 /* State.swift */; };
		3010F6402B1306B700EB7360 /* PCButton.swift in Sources */ = {isa = PBXBuildFile; fileRef = 3010F63F2B1306B700EB7360 /* PCButton.swift */; };
		3010F6422B13077100EB7360 /* ButtonExamples.swift in Sources */ = {isa = PBXBuildFile; fileRef = 3010F6412B13077100EB7360 /* ButtonExamples.swift */; };
		3010F6442B1312D000EB7360 /* PCOptionalView.swift in Sources */ = {isa = PBXBuildFile; fileRef = 3010F6432B1312D000EB7360 /* PCOptionalView.swift */; };
		301C838C2B0460CC005377D1 /* Modifiers.swift in Sources */ = {isa = PBXBuildFile; fileRef = 301C838B2B0460CC005377D1 /* Modifiers.swift */; };
		301C838E2B046216005377D1 /* ModifierBuilder.swift in Sources */ = {isa = PBXBuildFile; fileRef = 301C838D2B046216005377D1 /* ModifierBuilder.swift */; };
		301C83902B04684C005377D1 /* CodableConformance.swift in Sources */ = {isa = PBXBuildFile; fileRef = 301C838F2B04684C005377D1 /* CodableConformance.swift */; };
		301C83932B046874005377D1 /* CodableColor.swift in Sources */ = {isa = PBXBuildFile; fileRef = 301C83922B046874005377D1 /* CodableColor.swift */; };
		301C83952B0468B7005377D1 /* CodableFont.swift in Sources */ = {isa = PBXBuildFile; fileRef = 301C83942B0468B7005377D1 /* CodableFont.swift */; };
		304DD3EA2B2923E20070C6DB /* Coders.swift in Sources */ = {isa = PBXBuildFile; fileRef = 304DD3E92B2923E20070C6DB /* Coders.swift */; };
		304DD3FB2B2A12F80070C6DB /* PCColor.swift in Sources */ = {isa = PBXBuildFile; fileRef = 304DD3FA2B2A12F80070C6DB /* PCColor.swift */; };
		304F84F52B029294007080AB /* PicassoTests.swift in Sources */ = {isa = PBXBuildFile; fileRef = 304F84F42B029294007080AB /* PicassoTests.swift */; };
		305394C22B391183006AB6D6 /* MuseoModerno-SemiBold.ttf in Resources */ = {isa = PBXBuildFile; fileRef = 305394B02B391182006AB6D6 /* MuseoModerno-SemiBold.ttf */; };
		305394C32B391183006AB6D6 /* MuseoModerno-Regular.ttf in Resources */ = {isa = PBXBuildFile; fileRef = 305394B12B391182006AB6D6 /* MuseoModerno-Regular.ttf */; };
		305394C72B391183006AB6D6 /* MuseoModerno-Bold.ttf in Resources */ = {isa = PBXBuildFile; fileRef = 305394B52B391182006AB6D6 /* MuseoModerno-Bold.ttf */; };
		305394D82B391889006AB6D6 /* PicassoKit.docc in Sources */ = {isa = PBXBuildFile; fileRef = 305394D72B391889006AB6D6 /* PicassoKit.docc */; };
		305394D92B391889006AB6D6 /* PicassoKit.h in Headers */ = {isa = PBXBuildFile; fileRef = 305394D62B391889006AB6D6 /* PicassoKit.h */; settings = {ATTRIBUTES = (Public, ); }; };
		305394DC2B391889006AB6D6 /* PicassoKit.framework in Frameworks */ = {isa = PBXBuildFile; fileRef = 305394D42B391889006AB6D6 /* PicassoKit.framework */; platformFilter = ios; };
		305394DD2B391889006AB6D6 /* PicassoKit.framework in Embed Frameworks */ = {isa = PBXBuildFile; fileRef = 305394D42B391889006AB6D6 /* PicassoKit.framework */; platformFilter = ios; settings = {ATTRIBUTES = (CodeSignOnCopy, RemoveHeadersOnCopy, ); }; };
		305394E22B3918B9006AB6D6 /* PicassoView.swift in Sources */ = {isa = PBXBuildFile; fileRef = 30F59C222B06D8D50092D7ED /* PicassoView.swift */; };
		305394E32B3918B9006AB6D6 /* PCText+View.swift in Sources */ = {isa = PBXBuildFile; fileRef = 30B4A6D42B202DFB00E58CDE /* PCText+View.swift */; };
		305394E42B3918B9006AB6D6 /* PCStack+View.swift in Sources */ = {isa = PBXBuildFile; fileRef = 30B4A6CC2B2027BA00E58CDE /* PCStack+View.swift */; };
		305394E52B3918B9006AB6D6 /* PCAlignment+Alignment.swift in Sources */ = {isa = PBXBuildFile; fileRef = 30B4A6D22B202B5100E58CDE /* PCAlignment+Alignment.swift */; };
		305394E62B3918B9006AB6D6 /* AnyPCView+View.swift in Sources */ = {isa = PBXBuildFile; fileRef = 30CA5B942B24EE3400BDF440 /* AnyPCView+View.swift */; };
		305394E72B3918B9006AB6D6 /* PCText.swift in Sources */ = {isa = PBXBuildFile; fileRef = 3091A29A2AFFDD95002F8FFD /* PCText.swift */; };
		305394E82B3918B9006AB6D6 /* PCStack.swift in Sources */ = {isa = PBXBuildFile; fileRef = 3091A29C2B00882C002F8FFD /* PCStack.swift */; };
		305394E92B3918B9006AB6D6 /* PCScrollView.swift in Sources */ = {isa = PBXBuildFile; fileRef = 30F59C242B06DFCB0092D7ED /* PCScrollView.swift */; };
		305394EA2B3918B9006AB6D6 /* PCShape.swift in Sources */ = {isa = PBXBuildFile; fileRef = 30F59C392B0AABA00092D7ED /* PCShape.swift */; };
		305394EB2B3918B9006AB6D6 /* PCImage.swift in Sources */ = {isa = PBXBuildFile; fileRef = 30F59C3F2B0AC6820092D7ED /* PCImage.swift */; };
		305394EC2B3918B9006AB6D6 /* PCButton.swift in Sources */ = {isa = PBXBuildFile; fileRef = 3010F63F2B1306B700EB7360 /* PCButton.swift */; };
		305394ED2B3918B9006AB6D6 /* PCOptionalView.swift in Sources */ = {isa = PBXBuildFile; fileRef = 3010F6432B1312D000EB7360 /* PCOptionalView.swift */; };
		305394EE2B3918B9006AB6D6 /* PCAsyncView.swift in Sources */ = {isa = PBXBuildFile; fileRef = 30DCC55D2B16326700847124 /* PCAsyncView.swift */; };
		305394EF2B3918B9006AB6D6 /* PCColor.swift in Sources */ = {isa = PBXBuildFile; fileRef = 304DD3FA2B2A12F80070C6DB /* PCColor.swift */; };
		305394F02B3918B9006AB6D6 /* AnyPCView.swift in Sources */ = {isa = PBXBuildFile; fileRef = 30CA5B922B24EDDF00BDF440 /* AnyPCView.swift */; };
		305394F12B3918B9006AB6D6 /* CodableConformance.swift in Sources */ = {isa = PBXBuildFile; fileRef = 301C838F2B04684C005377D1 /* CodableConformance.swift */; };
		305394F22B3918B9006AB6D6 /* CodableColor.swift in Sources */ = {isa = PBXBuildFile; fileRef = 301C83922B046874005377D1 /* CodableColor.swift */; };
		305394F32B3918B9006AB6D6 /* CodableFont.swift in Sources */ = {isa = PBXBuildFile; fileRef = 301C83942B0468B7005377D1 /* CodableFont.swift */; };
		305394F42B3918B9006AB6D6 /* CodableShapeStyle.swift in Sources */ = {isa = PBXBuildFile; fileRef = 30F59C3D2B0AC4830092D7ED /* CodableShapeStyle.swift */; };
		305394F52B3918B9006AB6D6 /* CodableEdgeInsets.swift in Sources */ = {isa = PBXBuildFile; fileRef = 3010F6382B12F6D900EB7360 /* CodableEdgeInsets.swift */; };
		305394F62B3918B9006AB6D6 /* CodableAxisSet.swift in Sources */ = {isa = PBXBuildFile; fileRef = 3010F63A2B12F6F800EB7360 /* CodableAxisSet.swift */; };
		305394F72B3918B9006AB6D6 /* CodableAlignment.swift in Sources */ = {isa = PBXBuildFile; fileRef = 30B4A6D02B2028E600E58CDE /* CodableAlignment.swift */; };
		305394F82B3918B9006AB6D6 /* Parser.swift in Sources */ = {isa = PBXBuildFile; fileRef = 3091A2A12B01B3C9002F8FFD /* Parser.swift */; };
		305394F92B3918B9006AB6D6 /* CustomFont.swift in Sources */ = {isa = PBXBuildFile; fileRef = 3085D7FC2B339EC1008E823E /* CustomFont.swift */; };
		305394FA2B3918B9006AB6D6 /* Modifiers.swift in Sources */ = {isa = PBXBuildFile; fileRef = 301C838B2B0460CC005377D1 /* Modifiers.swift */; };
		305394FB2B3918B9006AB6D6 /* ModifierBuilder.swift in Sources */ = {isa = PBXBuildFile; fileRef = 301C838D2B046216005377D1 /* ModifierBuilder.swift */; };
		305394FC2B3918B9006AB6D6 /* Errors.swift in Sources */ = {isa = PBXBuildFile; fileRef = 30F59C2D2B07E2F10092D7ED /* Errors.swift */; };
		305394FD2B3918B9006AB6D6 /* State.swift in Sources */ = {isa = PBXBuildFile; fileRef = 3010F63D2B13069000EB7360 /* State.swift */; };
		305395002B3919B0006AB6D6 /* AnyCodable in Frameworks */ = {isa = PBXBuildFile; productRef = 305394FF2B3919B0006AB6D6 /* AnyCodable */; };
		3054A5192B05157500F006E6 /* TextExamples.swift in Sources */ = {isa = PBXBuildFile; fileRef = 3054A5182B05157500F006E6 /* TextExamples.swift */; };
		3054A51B2B0515BB00F006E6 /* StackExamples.swift in Sources */ = {isa = PBXBuildFile; fileRef = 3054A51A2B0515BB00F006E6 /* StackExamples.swift */; };
		3085D7FD2B339EC1008E823E /* CustomFont.swift in Sources */ = {isa = PBXBuildFile; fileRef = 3085D7FC2B339EC1008E823E /* CustomFont.swift */; };
		3091A28C2AFFDD66002F8FFD /* PicassoApp.swift in Sources */ = {isa = PBXBuildFile; fileRef = 3091A28B2AFFDD66002F8FFD /* PicassoApp.swift */; };
		3091A28E2AFFDD66002F8FFD /* ContentView.swift in Sources */ = {isa = PBXBuildFile; fileRef = 3091A28D2AFFDD66002F8FFD /* ContentView.swift */; };
		3091A2902AFFDD68002F8FFD /* Assets.xcassets in Resources */ = {isa = PBXBuildFile; fileRef = 3091A28F2AFFDD68002F8FFD /* Assets.xcassets */; };
		3091A2942AFFDD68002F8FFD /* Preview Assets.xcassets in Resources */ = {isa = PBXBuildFile; fileRef = 3091A2932AFFDD68002F8FFD /* Preview Assets.xcassets */; };
		3091A29B2AFFDD95002F8FFD /* PCText.swift in Sources */ = {isa = PBXBuildFile; fileRef = 3091A29A2AFFDD95002F8FFD /* PCText.swift */; };
		3091A29D2B00882C002F8FFD /* PCStack.swift in Sources */ = {isa = PBXBuildFile; fileRef = 3091A29C2B00882C002F8FFD /* PCStack.swift */; };
		3091A2A02B009BE4002F8FFD /* AnyCodable in Frameworks */ = {isa = PBXBuildFile; productRef = 3091A29F2B009BE4002F8FFD /* AnyCodable */; };
		3091A2A22B01B3C9002F8FFD /* Parser.swift in Sources */ = {isa = PBXBuildFile; fileRef = 3091A2A12B01B3C9002F8FFD /* Parser.swift */; };
		30B4A6CD2B2027BA00E58CDE /* PCStack+View.swift in Sources */ = {isa = PBXBuildFile; fileRef = 30B4A6CC2B2027BA00E58CDE /* PCStack+View.swift */; };
		30B4A6D12B2028E600E58CDE /* CodableAlignment.swift in Sources */ = {isa = PBXBuildFile; fileRef = 30B4A6D02B2028E600E58CDE /* CodableAlignment.swift */; };
		30B4A6D32B202B5100E58CDE /* PCAlignment+Alignment.swift in Sources */ = {isa = PBXBuildFile; fileRef = 30B4A6D22B202B5100E58CDE /* PCAlignment+Alignment.swift */; };
		30B4A6D52B202DFB00E58CDE /* PCText+View.swift in Sources */ = {isa = PBXBuildFile; fileRef = 30B4A6D42B202DFB00E58CDE /* PCText+View.swift */; };
		30C8EC682B268F5C000D674C /* DMMessagePack in Frameworks */ = {isa = PBXBuildFile; productRef = 30C8EC672B268F5C000D674C /* DMMessagePack */; };
		30C8EC6B2B269945000D674C /* MessagePacker in Frameworks */ = {isa = PBXBuildFile; productRef = 30C8EC6A2B269945000D674C /* MessagePacker */; };
		30CA5B932B24EDDF00BDF440 /* AnyPCView.swift in Sources */ = {isa = PBXBuildFile; fileRef = 30CA5B922B24EDDF00BDF440 /* AnyPCView.swift */; };
		30CA5B952B24EE3400BDF440 /* AnyPCView+View.swift in Sources */ = {isa = PBXBuildFile; fileRef = 30CA5B942B24EE3400BDF440 /* AnyPCView+View.swift */; };
		30D2BA632B39FA1B0030391C /* AnyCodable in Frameworks */ = {isa = PBXBuildFile; productRef = 30D2BA622B39FA1B0030391C /* AnyCodable */; };
		30DCC55E2B16326700847124 /* PCAsyncView.swift in Sources */ = {isa = PBXBuildFile; fileRef = 30DCC55D2B16326700847124 /* PCAsyncView.swift */; };
		30DCC5602B163C7C00847124 /* AsyncViewExamples.swift in Sources */ = {isa = PBXBuildFile; fileRef = 30DCC55F2B163C7C00847124 /* AsyncViewExamples.swift */; };
		30E21CF32B3B590C00FB651C /* PCPageView.swift in Sources */ = {isa = PBXBuildFile; fileRef = 30E21CF22B3B590C00FB651C /* PCPageView.swift */; };
		30E21CF42B3B5C0500FB651C /* PCPageView.swift in Sources */ = {isa = PBXBuildFile; fileRef = 30E21CF22B3B590C00FB651C /* PCPageView.swift */; };
		30E21CF62B3B5D1C00FB651C /* PageExamples.swift in Sources */ = {isa = PBXBuildFile; fileRef = 30E21CF52B3B5D1C00FB651C /* PageExamples.swift */; };
		30E21CF82B3B5E6400FB651C /* PCViewBuilder.swift in Sources */ = {isa = PBXBuildFile; fileRef = 30E21CF72B3B5E6400FB651C /* PCViewBuilder.swift */; };
		30E21CF92B3B619100FB651C /* PCViewBuilder.swift in Sources */ = {isa = PBXBuildFile; fileRef = 30E21CF72B3B5E6400FB651C /* PCViewBuilder.swift */; };
		30F59C212B06D83A0092D7ED /* Example.json in Resources */ = {isa = PBXBuildFile; fileRef = 30F59C202B06D83A0092D7ED /* Example.json */; };
		30F59C232B06D8D50092D7ED /* PicassoView.swift in Sources */ = {isa = PBXBuildFile; fileRef = 30F59C222B06D8D50092D7ED /* PicassoView.swift */; };
		30F59C252B06DFCB0092D7ED /* PCScrollView.swift in Sources */ = {isa = PBXBuildFile; fileRef = 30F59C242B06DFCB0092D7ED /* PCScrollView.swift */; };
		30F59C272B06E21A0092D7ED /* Example2.json in Resources */ = {isa = PBXBuildFile; fileRef = 30F59C262B06E21A0092D7ED /* Example2.json */; };
		30F59C2C2B06E2840092D7ED /* ScrollviewExamples.swift in Sources */ = {isa = PBXBuildFile; fileRef = 30F59C2B2B06E2840092D7ED /* ScrollviewExamples.swift */; };
		30F59C2E2B07E2F10092D7ED /* Errors.swift in Sources */ = {isa = PBXBuildFile; fileRef = 30F59C2D2B07E2F10092D7ED /* Errors.swift */; };
		30F59C302B07EB150092D7ED /* ExampleErrorDecode.json in Resources */ = {isa = PBXBuildFile; fileRef = 30F59C2F2B07EB150092D7ED /* ExampleErrorDecode.json */; };
		30F59C3A2B0AABA00092D7ED /* PCShape.swift in Sources */ = {isa = PBXBuildFile; fileRef = 30F59C392B0AABA00092D7ED /* PCShape.swift */; };
		30F59C3C2B0AC4370092D7ED /* ShapeExamples.swift in Sources */ = {isa = PBXBuildFile; fileRef = 30F59C3B2B0AC4370092D7ED /* ShapeExamples.swift */; };
		30F59C3E2B0AC4830092D7ED /* CodableShapeStyle.swift in Sources */ = {isa = PBXBuildFile; fileRef = 30F59C3D2B0AC4830092D7ED /* CodableShapeStyle.swift */; };
		30F59C402B0AC6820092D7ED /* PCImage.swift in Sources */ = {isa = PBXBuildFile; fileRef = 30F59C3F2B0AC6820092D7ED /* PCImage.swift */; };
/* End PBXBuildFile section */

/* Begin PBXContainerItemProxy section */
		304F84F62B029294007080AB /* PBXContainerItemProxy */ = {
			isa = PBXContainerItemProxy;
			containerPortal = 3091A2802AFFDD66002F8FFD /* Project object */;
			proxyType = 1;
			remoteGlobalIDString = 3091A2872AFFDD66002F8FFD;
			remoteInfo = Picasso;
		};
		305394DA2B391889006AB6D6 /* PBXContainerItemProxy */ = {
			isa = PBXContainerItemProxy;
			containerPortal = 3091A2802AFFDD66002F8FFD /* Project object */;
			proxyType = 1;
			remoteGlobalIDString = 305394D32B391889006AB6D6;
			remoteInfo = PicassoFramework;
		};
/* End PBXContainerItemProxy section */

/* Begin PBXCopyFilesBuildPhase section */
		305394DE2B391889006AB6D6 /* Embed Frameworks */ = {
			isa = PBXCopyFilesBuildPhase;
			buildActionMask = 2147483647;
			dstPath = "";
			dstSubfolderSpec = 10;
			files = (
				305394DD2B391889006AB6D6 /* PicassoKit.framework in Embed Frameworks */,
			);
			name = "Embed Frameworks";
			runOnlyForDeploymentPostprocessing = 0;
		};
/* End PBXCopyFilesBuildPhase section */

/* Begin PBXFileReference section */
		3010F6362B11358E00EB7360 /* ImageExamples.swift */ = {isa = PBXFileReference; lastKnownFileType = sourcecode.swift; path = ImageExamples.swift; sourceTree = "<group>"; };
		3010F6382B12F6D900EB7360 /* CodableEdgeInsets.swift */ = {isa = PBXFileReference; lastKnownFileType = sourcecode.swift; path = CodableEdgeInsets.swift; sourceTree = "<group>"; };
		3010F63A2B12F6F800EB7360 /* CodableAxisSet.swift */ = {isa = PBXFileReference; lastKnownFileType = sourcecode.swift; path = CodableAxisSet.swift; sourceTree = "<group>"; };
		3010F63D2B13069000EB7360 /* State.swift */ = {isa = PBXFileReference; lastKnownFileType = sourcecode.swift; path = State.swift; sourceTree = "<group>"; };
		3010F63F2B1306B700EB7360 /* PCButton.swift */ = {isa = PBXFileReference; lastKnownFileType = sourcecode.swift; path = PCButton.swift; sourceTree = "<group>"; };
		3010F6412B13077100EB7360 /* ButtonExamples.swift */ = {isa = PBXFileReference; lastKnownFileType = sourcecode.swift; path = ButtonExamples.swift; sourceTree = "<group>"; };
		3010F6432B1312D000EB7360 /* PCOptionalView.swift */ = {isa = PBXFileReference; lastKnownFileType = sourcecode.swift; path = PCOptionalView.swift; sourceTree = "<group>"; };
		301C838B2B0460CC005377D1 /* Modifiers.swift */ = {isa = PBXFileReference; lastKnownFileType = sourcecode.swift; path = Modifiers.swift; sourceTree = "<group>"; };
		301C838D2B046216005377D1 /* ModifierBuilder.swift */ = {isa = PBXFileReference; lastKnownFileType = sourcecode.swift; path = ModifierBuilder.swift; sourceTree = "<group>"; };
		301C838F2B04684C005377D1 /* CodableConformance.swift */ = {isa = PBXFileReference; lastKnownFileType = sourcecode.swift; path = CodableConformance.swift; sourceTree = "<group>"; };
		301C83922B046874005377D1 /* CodableColor.swift */ = {isa = PBXFileReference; lastKnownFileType = sourcecode.swift; path = CodableColor.swift; sourceTree = "<group>"; };
		301C83942B0468B7005377D1 /* CodableFont.swift */ = {isa = PBXFileReference; lastKnownFileType = sourcecode.swift; path = CodableFont.swift; sourceTree = "<group>"; };
		304DD3E92B2923E20070C6DB /* Coders.swift */ = {isa = PBXFileReference; lastKnownFileType = sourcecode.swift; path = Coders.swift; sourceTree = "<group>"; };
		304DD3FA2B2A12F80070C6DB /* PCColor.swift */ = {isa = PBXFileReference; lastKnownFileType = sourcecode.swift; path = PCColor.swift; sourceTree = "<group>"; };
		304F84ED2B02928B007080AB /* TestPlan.xctestplan */ = {isa = PBXFileReference; lastKnownFileType = text; path = TestPlan.xctestplan; sourceTree = "<group>"; };
		304F84F22B029294007080AB /* PicassoTests.xctest */ = {isa = PBXFileReference; explicitFileType = wrapper.cfbundle; includeInIndex = 0; path = PicassoTests.xctest; sourceTree = BUILT_PRODUCTS_DIR; };
		304F84F42B029294007080AB /* PicassoTests.swift */ = {isa = PBXFileReference; lastKnownFileType = sourcecode.swift; path = PicassoTests.swift; sourceTree = "<group>"; };
		305394B02B391182006AB6D6 /* MuseoModerno-SemiBold.ttf */ = {isa = PBXFileReference; lastKnownFileType = file; path = "MuseoModerno-SemiBold.ttf"; sourceTree = "<group>"; };
		305394B12B391182006AB6D6 /* MuseoModerno-Regular.ttf */ = {isa = PBXFileReference; lastKnownFileType = file; path = "MuseoModerno-Regular.ttf"; sourceTree = "<group>"; };
		305394B52B391182006AB6D6 /* MuseoModerno-Bold.ttf */ = {isa = PBXFileReference; lastKnownFileType = file; path = "MuseoModerno-Bold.ttf"; sourceTree = "<group>"; };
		305394CE2B39122F006AB6D6 /* Info.plist */ = {isa = PBXFileReference; lastKnownFileType = text.plist; path = Info.plist; sourceTree = "<group>"; };
		305394D42B391889006AB6D6 /* PicassoKit.framework */ = {isa = PBXFileReference; explicitFileType = wrapper.framework; includeInIndex = 0; path = PicassoKit.framework; sourceTree = BUILT_PRODUCTS_DIR; };
		305394D62B391889006AB6D6 /* PicassoKit.h */ = {isa = PBXFileReference; lastKnownFileType = sourcecode.c.h; path = PicassoKit.h; sourceTree = "<group>"; };
		305394D72B391889006AB6D6 /* PicassoKit.docc */ = {isa = PBXFileReference; lastKnownFileType = folder.documentationcatalog; path = PicassoKit.docc; sourceTree = "<group>"; };
		3054A5182B05157500F006E6 /* TextExamples.swift */ = {isa = PBXFileReference; lastKnownFileType = sourcecode.swift; path = TextExamples.swift; sourceTree = "<group>"; };
		3054A51A2B0515BB00F006E6 /* StackExamples.swift */ = {isa = PBXFileReference; lastKnownFileType = sourcecode.swift; path = StackExamples.swift; sourceTree = "<group>"; };
		3085D7FC2B339EC1008E823E /* CustomFont.swift */ = {isa = PBXFileReference; lastKnownFileType = sourcecode.swift; path = CustomFont.swift; sourceTree = "<group>"; };
		3091A2882AFFDD66002F8FFD /* Picasso.app */ = {isa = PBXFileReference; explicitFileType = wrapper.application; includeInIndex = 0; path = Picasso.app; sourceTree = BUILT_PRODUCTS_DIR; };
		3091A28B2AFFDD66002F8FFD /* PicassoApp.swift */ = {isa = PBXFileReference; lastKnownFileType = sourcecode.swift; path = PicassoApp.swift; sourceTree = "<group>"; };
		3091A28D2AFFDD66002F8FFD /* ContentView.swift */ = {isa = PBXFileReference; lastKnownFileType = sourcecode.swift; path = ContentView.swift; sourceTree = "<group>"; };
		3091A28F2AFFDD68002F8FFD /* Assets.xcassets */ = {isa = PBXFileReference; lastKnownFileType = folder.assetcatalog; path = Assets.xcassets; sourceTree = "<group>"; };
		3091A2912AFFDD68002F8FFD /* Picasso.entitlements */ = {isa = PBXFileReference; lastKnownFileType = text.plist.entitlements; path = Picasso.entitlements; sourceTree = "<group>"; };
		3091A2932AFFDD68002F8FFD /* Preview Assets.xcassets */ = {isa = PBXFileReference; lastKnownFileType = folder.assetcatalog; path = "Preview Assets.xcassets"; sourceTree = "<group>"; };
		3091A29A2AFFDD95002F8FFD /* PCText.swift */ = {isa = PBXFileReference; lastKnownFileType = sourcecode.swift; path = PCText.swift; sourceTree = "<group>"; };
		3091A29C2B00882C002F8FFD /* PCStack.swift */ = {isa = PBXFileReference; lastKnownFileType = sourcecode.swift; path = PCStack.swift; sourceTree = "<group>"; };
		3091A2A12B01B3C9002F8FFD /* Parser.swift */ = {isa = PBXFileReference; lastKnownFileType = sourcecode.swift; path = Parser.swift; sourceTree = "<group>"; };
		30B4A6CC2B2027BA00E58CDE /* PCStack+View.swift */ = {isa = PBXFileReference; lastKnownFileType = sourcecode.swift; path = "PCStack+View.swift"; sourceTree = "<group>"; };
		30B4A6D02B2028E600E58CDE /* CodableAlignment.swift */ = {isa = PBXFileReference; lastKnownFileType = sourcecode.swift; path = CodableAlignment.swift; sourceTree = "<group>"; };
		30B4A6D22B202B5100E58CDE /* PCAlignment+Alignment.swift */ = {isa = PBXFileReference; lastKnownFileType = sourcecode.swift; path = "PCAlignment+Alignment.swift"; sourceTree = "<group>"; };
		30B4A6D42B202DFB00E58CDE /* PCText+View.swift */ = {isa = PBXFileReference; lastKnownFileType = sourcecode.swift; path = "PCText+View.swift"; sourceTree = "<group>"; };
		30CA5B922B24EDDF00BDF440 /* AnyPCView.swift */ = {isa = PBXFileReference; lastKnownFileType = sourcecode.swift; path = AnyPCView.swift; sourceTree = "<group>"; };
		30CA5B942B24EE3400BDF440 /* AnyPCView+View.swift */ = {isa = PBXFileReference; lastKnownFileType = sourcecode.swift; path = "AnyPCView+View.swift"; sourceTree = "<group>"; };
		30DCC55D2B16326700847124 /* PCAsyncView.swift */ = {isa = PBXFileReference; lastKnownFileType = sourcecode.swift; path = PCAsyncView.swift; sourceTree = "<group>"; };
		30DCC55F2B163C7C00847124 /* AsyncViewExamples.swift */ = {isa = PBXFileReference; lastKnownFileType = sourcecode.swift; path = AsyncViewExamples.swift; sourceTree = "<group>"; };
		30E21CF22B3B590C00FB651C /* PCPageView.swift */ = {isa = PBXFileReference; lastKnownFileType = sourcecode.swift; path = PCPageView.swift; sourceTree = "<group>"; };
		30E21CF52B3B5D1C00FB651C /* PageExamples.swift */ = {isa = PBXFileReference; lastKnownFileType = sourcecode.swift; path = PageExamples.swift; sourceTree = "<group>"; };
		30E21CF72B3B5E6400FB651C /* PCViewBuilder.swift */ = {isa = PBXFileReference; lastKnownFileType = sourcecode.swift; path = PCViewBuilder.swift; sourceTree = "<group>"; };
		30F59C202B06D83A0092D7ED /* Example.json */ = {isa = PBXFileReference; lastKnownFileType = text.json; path = Example.json; sourceTree = "<group>"; };
		30F59C222B06D8D50092D7ED /* PicassoView.swift */ = {isa = PBXFileReference; lastKnownFileType = sourcecode.swift; path = PicassoView.swift; sourceTree = "<group>"; };
		30F59C242B06DFCB0092D7ED /* PCScrollView.swift */ = {isa = PBXFileReference; lastKnownFileType = sourcecode.swift; path = PCScrollView.swift; sourceTree = "<group>"; };
		30F59C262B06E21A0092D7ED /* Example2.json */ = {isa = PBXFileReference; lastKnownFileType = text.json; path = Example2.json; sourceTree = "<group>"; };
		30F59C2B2B06E2840092D7ED /* ScrollviewExamples.swift */ = {isa = PBXFileReference; lastKnownFileType = sourcecode.swift; path = ScrollviewExamples.swift; sourceTree = "<group>"; };
		30F59C2D2B07E2F10092D7ED /* Errors.swift */ = {isa = PBXFileReference; lastKnownFileType = sourcecode.swift; path = Errors.swift; sourceTree = "<group>"; };
		30F59C2F2B07EB150092D7ED /* ExampleErrorDecode.json */ = {isa = PBXFileReference; lastKnownFileType = text.json; path = ExampleErrorDecode.json; sourceTree = "<group>"; };
		30F59C312B07EC0F0092D7ED /* ExampleErrorCorrupt.json */ = {isa = PBXFileReference; lastKnownFileType = text.json; path = ExampleErrorCorrupt.json; sourceTree = "<group>"; };
		30F59C392B0AABA00092D7ED /* PCShape.swift */ = {isa = PBXFileReference; lastKnownFileType = sourcecode.swift; path = PCShape.swift; sourceTree = "<group>"; };
		30F59C3B2B0AC4370092D7ED /* ShapeExamples.swift */ = {isa = PBXFileReference; lastKnownFileType = sourcecode.swift; path = ShapeExamples.swift; sourceTree = "<group>"; };
		30F59C3D2B0AC4830092D7ED /* CodableShapeStyle.swift */ = {isa = PBXFileReference; lastKnownFileType = sourcecode.swift; path = CodableShapeStyle.swift; sourceTree = "<group>"; };
		30F59C3F2B0AC6820092D7ED /* PCImage.swift */ = {isa = PBXFileReference; lastKnownFileType = sourcecode.swift; path = PCImage.swift; sourceTree = "<group>"; };
/* End PBXFileReference section */

/* Begin PBXFrameworksBuildPhase section */
		304F84EF2B029294007080AB /* Frameworks */ = {
			isa = PBXFrameworksBuildPhase;
			buildActionMask = 2147483647;
			files = (
				30D2BA632B39FA1B0030391C /* AnyCodable in Frameworks */,
			);
			runOnlyForDeploymentPostprocessing = 0;
		};
		305394D12B391889006AB6D6 /* Frameworks */ = {
			isa = PBXFrameworksBuildPhase;
			buildActionMask = 2147483647;
			files = (
				305395002B3919B0006AB6D6 /* AnyCodable in Frameworks */,
			);
			runOnlyForDeploymentPostprocessing = 0;
		};
		3091A2852AFFDD66002F8FFD /* Frameworks */ = {
			isa = PBXFrameworksBuildPhase;
			buildActionMask = 2147483647;
			files = (
				30C8EC6B2B269945000D674C /* MessagePacker in Frameworks */,
				3091A2A02B009BE4002F8FFD /* AnyCodable in Frameworks */,
				305394DC2B391889006AB6D6 /* PicassoKit.framework in Frameworks */,
				30C8EC682B268F5C000D674C /* DMMessagePack in Frameworks */,
				3010F6342B10F87E00EB7360 /* ZippyJSON in Frameworks */,
			);
			runOnlyForDeploymentPostprocessing = 0;
		};
/* End PBXFrameworksBuildPhase section */

/* Begin PBXGroup section */
		3010F63C2B12F73000EB7360 /* Views */ = {
			isa = PBXGroup;
			children = (
				30B4A6C92B20261700E58CDE /* SwiftUI Conformance */,
				3091A29A2AFFDD95002F8FFD /* PCText.swift */,
				3091A29C2B00882C002F8FFD /* PCStack.swift */,
				30F59C242B06DFCB0092D7ED /* PCScrollView.swift */,
				30F59C392B0AABA00092D7ED /* PCShape.swift */,
				30F59C3F2B0AC6820092D7ED /* PCImage.swift */,
				3010F63F2B1306B700EB7360 /* PCButton.swift */,
				3010F6432B1312D000EB7360 /* PCOptionalView.swift */,
				30DCC55D2B16326700847124 /* PCAsyncView.swift */,
				304DD3FA2B2A12F80070C6DB /* PCColor.swift */,
				30CA5B922B24EDDF00BDF440 /* AnyPCView.swift */,
				30E21CF22B3B590C00FB651C /* PCPageView.swift */,
			);
			path = Views;
			sourceTree = "<group>";
		};
		301C83912B04686A005377D1 /* Codable */ = {
			isa = PBXGroup;
			children = (
				301C838F2B04684C005377D1 /* CodableConformance.swift */,
				301C83922B046874005377D1 /* CodableColor.swift */,
				301C83942B0468B7005377D1 /* CodableFont.swift */,
				30F59C3D2B0AC4830092D7ED /* CodableShapeStyle.swift */,
				3010F6382B12F6D900EB7360 /* CodableEdgeInsets.swift */,
				3010F63A2B12F6F800EB7360 /* CodableAxisSet.swift */,
				30B4A6D02B2028E600E58CDE /* CodableAlignment.swift */,
			);
			path = Codable;
			sourceTree = "<group>";
		};
		304F84F32B029294007080AB /* PicassoTests */ = {
			isa = PBXGroup;
			children = (
				304F84ED2B02928B007080AB /* TestPlan.xctestplan */,
				304F84F42B029294007080AB /* PicassoTests.swift */,
			);
			path = PicassoTests;
			sourceTree = "<group>";
		};
		305394A92B391182006AB6D6 /* fonts */ = {
			isa = PBXGroup;
			children = (
				305394B02B391182006AB6D6 /* MuseoModerno-SemiBold.ttf */,
				305394B12B391182006AB6D6 /* MuseoModerno-Regular.ttf */,
				305394B52B391182006AB6D6 /* MuseoModerno-Bold.ttf */,
			);
			path = fonts;
			sourceTree = "<group>";
		};
		305394D52B391889006AB6D6 /* PicassoKit */ = {
			isa = PBXGroup;
			children = (
				305394D62B391889006AB6D6 /* PicassoKit.h */,
				305394D72B391889006AB6D6 /* PicassoKit.docc */,
			);
			path = PicassoKit;
			sourceTree = "<group>";
		};
		305394FE2B3919B0006AB6D6 /* Frameworks */ = {
			isa = PBXGroup;
			children = (
			);
			name = Frameworks;
			sourceTree = "<group>";
		};
		3054A51C2B0515D800F006E6 /* Library */ = {
			isa = PBXGroup;
			children = (
				30F59C222B06D8D50092D7ED /* PicassoView.swift */,
				3010F63C2B12F73000EB7360 /* Views */,
				301C83912B04686A005377D1 /* Codable */,
				3091A2A12B01B3C9002F8FFD /* Parser.swift */,
				3085D7FC2B339EC1008E823E /* CustomFont.swift */,
				301C838B2B0460CC005377D1 /* Modifiers.swift */,
				301C838D2B046216005377D1 /* ModifierBuilder.swift */,
				30E21CF72B3B5E6400FB651C /* PCViewBuilder.swift */,
				30F59C2D2B07E2F10092D7ED /* Errors.swift */,
				3010F63D2B13069000EB7360 /* State.swift */,
			);
			path = Library;
			sourceTree = "<group>";
		};
		3091A27F2AFFDD66002F8FFD = {
			isa = PBXGroup;
			children = (
				3091A28A2AFFDD66002F8FFD /* Picasso */,
				304F84F32B029294007080AB /* PicassoTests */,
				305394D52B391889006AB6D6 /* PicassoKit */,
				3091A2892AFFDD66002F8FFD /* Products */,
				305394FE2B3919B0006AB6D6 /* Frameworks */,
			);
			sourceTree = "<group>";
		};
		3091A2892AFFDD66002F8FFD /* Products */ = {
			isa = PBXGroup;
			children = (
				3091A2882AFFDD66002F8FFD /* Picasso.app */,
				304F84F22B029294007080AB /* PicassoTests.xctest */,
				305394D42B391889006AB6D6 /* PicassoKit.framework */,
			);
			name = Products;
			sourceTree = "<group>";
		};
		3091A28A2AFFDD66002F8FFD /* Picasso */ = {
			isa = PBXGroup;
			children = (
				305394CE2B39122F006AB6D6 /* Info.plist */,
				305394A92B391182006AB6D6 /* fonts */,
				3054A51C2B0515D800F006E6 /* Library */,
				30F59C282B06E2660092D7ED /* Examples */,
				3091A28B2AFFDD66002F8FFD /* PicassoApp.swift */,
				3091A28D2AFFDD66002F8FFD /* ContentView.swift */,
				3091A28F2AFFDD68002F8FFD /* Assets.xcassets */,
				3091A2912AFFDD68002F8FFD /* Picasso.entitlements */,
				3091A2922AFFDD68002F8FFD /* Preview Content */,
				304DD3E92B2923E20070C6DB /* Coders.swift */,
			);
			path = Picasso;
			sourceTree = "<group>";
		};
		3091A2922AFFDD68002F8FFD /* Preview Content */ = {
			isa = PBXGroup;
			children = (
				3091A2932AFFDD68002F8FFD /* Preview Assets.xcassets */,
			);
			path = "Preview Content";
			sourceTree = "<group>";
		};
		30B4A6C92B20261700E58CDE /* SwiftUI Conformance */ = {
			isa = PBXGroup;
			children = (
				30B4A6D42B202DFB00E58CDE /* PCText+View.swift */,
				30B4A6CC2B2027BA00E58CDE /* PCStack+View.swift */,
				30B4A6D22B202B5100E58CDE /* PCAlignment+Alignment.swift */,
				30CA5B942B24EE3400BDF440 /* AnyPCView+View.swift */,
			);
			path = "SwiftUI Conformance";
			sourceTree = "<group>";
		};
		30F59C282B06E2660092D7ED /* Examples */ = {
			isa = PBXGroup;
			children = (
				30F59C292B06E26C0092D7ED /* Local */,
				30F59C2A2B06E2710092D7ED /* Remote */,
			);
			path = Examples;
			sourceTree = "<group>";
		};
		30F59C292B06E26C0092D7ED /* Local */ = {
			isa = PBXGroup;
			children = (
				3054A5182B05157500F006E6 /* TextExamples.swift */,
				3054A51A2B0515BB00F006E6 /* StackExamples.swift */,
				30F59C2B2B06E2840092D7ED /* ScrollviewExamples.swift */,
				30F59C3B2B0AC4370092D7ED /* ShapeExamples.swift */,
				3010F6362B11358E00EB7360 /* ImageExamples.swift */,
				3010F6412B13077100EB7360 /* ButtonExamples.swift */,
				30DCC55F2B163C7C00847124 /* AsyncViewExamples.swift */,
				30E21CF52B3B5D1C00FB651C /* PageExamples.swift */,
			);
			path = Local;
			sourceTree = "<group>";
		};
		30F59C2A2B06E2710092D7ED /* Remote */ = {
			isa = PBXGroup;
			children = (
				30F59C312B07EC0F0092D7ED /* ExampleErrorCorrupt.json */,
				30F59C202B06D83A0092D7ED /* Example.json */,
				30F59C2F2B07EB150092D7ED /* ExampleErrorDecode.json */,
				30F59C262B06E21A0092D7ED /* Example2.json */,
			);
			path = Remote;
			sourceTree = "<group>";
		};
/* End PBXGroup section */

/* Begin PBXHeadersBuildPhase section */
		305394CF2B391889006AB6D6 /* Headers */ = {
			isa = PBXHeadersBuildPhase;
			buildActionMask = 2147483647;
			files = (
				305394D92B391889006AB6D6 /* PicassoKit.h in Headers */,
			);
			runOnlyForDeploymentPostprocessing = 0;
		};
/* End PBXHeadersBuildPhase section */

/* Begin PBXNativeTarget section */
		304F84F12B029294007080AB /* PicassoTests */ = {
			isa = PBXNativeTarget;
			buildConfigurationList = 304F84F82B029294007080AB /* Build configuration list for PBXNativeTarget "PicassoTests" */;
			buildPhases = (
				304F84EE2B029294007080AB /* Sources */,
				304F84EF2B029294007080AB /* Frameworks */,
				304F84F02B029294007080AB /* Resources */,
			);
			buildRules = (
			);
			dependencies = (
				304F84F72B029294007080AB /* PBXTargetDependency */,
			);
			name = PicassoTests;
			packageProductDependencies = (
				30D2BA622B39FA1B0030391C /* AnyCodable */,
			);
			productName = PicassoTests;
			productReference = 304F84F22B029294007080AB /* PicassoTests.xctest */;
			productType = "com.apple.product-type.bundle.unit-test";
		};
		305394D32B391889006AB6D6 /* PicassoKit */ = {
			isa = PBXNativeTarget;
			buildConfigurationList = 305394E12B391889006AB6D6 /* Build configuration list for PBXNativeTarget "PicassoKit" */;
			buildPhases = (
				305394CF2B391889006AB6D6 /* Headers */,
				305394D02B391889006AB6D6 /* Sources */,
				305394D12B391889006AB6D6 /* Frameworks */,
				305394D22B391889006AB6D6 /* Resources */,
			);
			buildRules = (
			);
			dependencies = (
			);
			name = PicassoKit;
			packageProductDependencies = (
				305394FF2B3919B0006AB6D6 /* AnyCodable */,
			);
			productName = PicassoFramework;
			productReference = 305394D42B391889006AB6D6 /* PicassoKit.framework */;
			productType = "com.apple.product-type.framework";
		};
		3091A2872AFFDD66002F8FFD /* Picasso */ = {
			isa = PBXNativeTarget;
			buildConfigurationList = 3091A2972AFFDD68002F8FFD /* Build configuration list for PBXNativeTarget "Picasso" */;
			buildPhases = (
				3091A2842AFFDD66002F8FFD /* Sources */,
				3091A2852AFFDD66002F8FFD /* Frameworks */,
				3091A2862AFFDD66002F8FFD /* Resources */,
				305394DE2B391889006AB6D6 /* Embed Frameworks */,
			);
			buildRules = (
			);
			dependencies = (
				305394DB2B391889006AB6D6 /* PBXTargetDependency */,
			);
			name = Picasso;
			packageProductDependencies = (
				3091A29F2B009BE4002F8FFD /* AnyCodable */,
				3010F6332B10F87E00EB7360 /* ZippyJSON */,
				30C8EC672B268F5C000D674C /* DMMessagePack */,
				30C8EC6A2B269945000D674C /* MessagePacker */,
			);
			productName = Picasso;
			productReference = 3091A2882AFFDD66002F8FFD /* Picasso.app */;
			productType = "com.apple.product-type.application";
		};
/* End PBXNativeTarget section */

/* Begin PBXProject section */
		3091A2802AFFDD66002F8FFD /* Project object */ = {
			isa = PBXProject;
			attributes = {
				BuildIndependentTargetsInParallel = 1;
				LastSwiftUpdateCheck = 1500;
				LastUpgradeCheck = 1500;
				TargetAttributes = {
					304F84F12B029294007080AB = {
						CreatedOnToolsVersion = 15.0.1;
						TestTargetID = 3091A2872AFFDD66002F8FFD;
					};
					305394D32B391889006AB6D6 = {
						CreatedOnToolsVersion = 15.1;
					};
					3091A2872AFFDD66002F8FFD = {
						CreatedOnToolsVersion = 15.0;
					};
				};
			};
			buildConfigurationList = 3091A2832AFFDD66002F8FFD /* Build configuration list for PBXProject "Picasso" */;
			compatibilityVersion = "Xcode 14.0";
			developmentRegion = en;
			hasScannedForEncodings = 0;
			knownRegions = (
				en,
				Base,
			);
			mainGroup = 3091A27F2AFFDD66002F8FFD;
			packageReferences = (
				3091A29E2B009BE4002F8FFD /* XCRemoteSwiftPackageReference "AnyCodable" */,
				3010F6322B10F87E00EB7360 /* XCRemoteSwiftPackageReference "ZippyJSON" */,
				30C8EC662B268F5C000D674C /* XCRemoteSwiftPackageReference "msgpack-swift" */,
				30C8EC692B269945000D674C /* XCRemoteSwiftPackageReference "MessagePacker" */,
			);
			productRefGroup = 3091A2892AFFDD66002F8FFD /* Products */;
			projectDirPath = "";
			projectRoot = "";
			targets = (
				3091A2872AFFDD66002F8FFD /* Picasso */,
				304F84F12B029294007080AB /* PicassoTests */,
				305394D32B391889006AB6D6 /* PicassoKit */,
			);
		};
/* End PBXProject section */

/* Begin PBXResourcesBuildPhase section */
		304F84F02B029294007080AB /* Resources */ = {
			isa = PBXResourcesBuildPhase;
			buildActionMask = 2147483647;
			files = (
			);
			runOnlyForDeploymentPostprocessing = 0;
		};
		305394D22B391889006AB6D6 /* Resources */ = {
			isa = PBXResourcesBuildPhase;
			buildActionMask = 2147483647;
			files = (
			);
			runOnlyForDeploymentPostprocessing = 0;
		};
		3091A2862AFFDD66002F8FFD /* Resources */ = {
			isa = PBXResourcesBuildPhase;
			buildActionMask = 2147483647;
			files = (
				30F59C212B06D83A0092D7ED /* Example.json in Resources */,
				3091A2942AFFDD68002F8FFD /* Preview Assets.xcassets in Resources */,
				30F59C272B06E21A0092D7ED /* Example2.json in Resources */,
				305394C72B391183006AB6D6 /* MuseoModerno-Bold.ttf in Resources */,
				305394C32B391183006AB6D6 /* MuseoModerno-Regular.ttf in Resources */,
				30F59C302B07EB150092D7ED /* ExampleErrorDecode.json in Resources */,
				305394C22B391183006AB6D6 /* MuseoModerno-SemiBold.ttf in Resources */,
				3091A2902AFFDD68002F8FFD /* Assets.xcassets in Resources */,
			);
			runOnlyForDeploymentPostprocessing = 0;
		};
/* End PBXResourcesBuildPhase section */

/* Begin PBXSourcesBuildPhase section */
		304F84EE2B029294007080AB /* Sources */ = {
			isa = PBXSourcesBuildPhase;
			buildActionMask = 2147483647;
			files = (
				304F84F52B029294007080AB /* PicassoTests.swift in Sources */,
			);
			runOnlyForDeploymentPostprocessing = 0;
		};
		305394D02B391889006AB6D6 /* Sources */ = {
			isa = PBXSourcesBuildPhase;
			buildActionMask = 2147483647;
			files = (
				305394E22B3918B9006AB6D6 /* PicassoView.swift in Sources */,
				305394E32B3918B9006AB6D6 /* PCText+View.swift in Sources */,
				305394E42B3918B9006AB6D6 /* PCStack+View.swift in Sources */,
				305394E52B3918B9006AB6D6 /* PCAlignment+Alignment.swift in Sources */,
				305394E62B3918B9006AB6D6 /* AnyPCView+View.swift in Sources */,
				305394E72B3918B9006AB6D6 /* PCText.swift in Sources */,
				305394E82B3918B9006AB6D6 /* PCStack.swift in Sources */,
				305394E92B3918B9006AB6D6 /* PCScrollView.swift in Sources */,
				305394EA2B3918B9006AB6D6 /* PCShape.swift in Sources */,
				305394EB2B3918B9006AB6D6 /* PCImage.swift in Sources */,
				305394EC2B3918B9006AB6D6 /* PCButton.swift in Sources */,
				305394ED2B3918B9006AB6D6 /* PCOptionalView.swift in Sources */,
				305394EE2B3918B9006AB6D6 /* PCAsyncView.swift in Sources */,
				305394EF2B3918B9006AB6D6 /* PCColor.swift in Sources */,
				305394F02B3918B9006AB6D6 /* AnyPCView.swift in Sources */,
				305394F12B3918B9006AB6D6 /* CodableConformance.swift in Sources */,
				305394F22B3918B9006AB6D6 /* CodableColor.swift in Sources */,
				305394F32B3918B9006AB6D6 /* CodableFont.swift in Sources */,
				305394F42B3918B9006AB6D6 /* CodableShapeStyle.swift in Sources */,
				305394F52B3918B9006AB6D6 /* CodableEdgeInsets.swift in Sources */,
				305394F62B3918B9006AB6D6 /* CodableAxisSet.swift in Sources */,
				305394F72B3918B9006AB6D6 /* CodableAlignment.swift in Sources */,
				30E21CF42B3B5C0500FB651C /* PCPageView.swift in Sources */,
				305394F82B3918B9006AB6D6 /* Parser.swift in Sources */,
				305394F92B3918B9006AB6D6 /* CustomFont.swift in Sources */,
				305394FA2B3918B9006AB6D6 /* Modifiers.swift in Sources */,
				305394FB2B3918B9006AB6D6 /* ModifierBuilder.swift in Sources */,
				30E21CF92B3B619100FB651C /* PCViewBuilder.swift in Sources */,
				305394FC2B3918B9006AB6D6 /* Errors.swift in Sources */,
				305394FD2B3918B9006AB6D6 /* State.swift in Sources */,
				305394D82B391889006AB6D6 /* PicassoKit.docc in Sources */,
			);
			runOnlyForDeploymentPostprocessing = 0;
		};
		3091A2842AFFDD66002F8FFD /* Sources */ = {
			isa = PBXSourcesBuildPhase;
			buildActionMask = 2147483647;
			files = (
				30F59C3A2B0AABA00092D7ED /* PCShape.swift in Sources */,
				30E21CF32B3B590C00FB651C /* PCPageView.swift in Sources */,
				301C83902B04684C005377D1 /* CodableConformance.swift in Sources */,
				304DD3FB2B2A12F80070C6DB /* PCColor.swift in Sources */,
				3085D7FD2B339EC1008E823E /* CustomFont.swift in Sources */,
				30CA5B932B24EDDF00BDF440 /* AnyPCView.swift in Sources */,
				30F59C2C2B06E2840092D7ED /* ScrollviewExamples.swift in Sources */,
				301C83952B0468B7005377D1 /* CodableFont.swift in Sources */,
				30F59C3C2B0AC4370092D7ED /* ShapeExamples.swift in Sources */,
				3091A29B2AFFDD95002F8FFD /* PCText.swift in Sources */,
				30F59C2E2B07E2F10092D7ED /* Errors.swift in Sources */,
				3010F6372B11358E00EB7360 /* ImageExamples.swift in Sources */,
				3091A28E2AFFDD66002F8FFD /* ContentView.swift in Sources */,
				3091A2A22B01B3C9002F8FFD /* Parser.swift in Sources */,
				301C838E2B046216005377D1 /* ModifierBuilder.swift in Sources */,
				301C83932B046874005377D1 /* CodableColor.swift in Sources */,
				30B4A6D12B2028E600E58CDE /* CodableAlignment.swift in Sources */,
				30E21CF62B3B5D1C00FB651C /* PageExamples.swift in Sources */,
				30DCC55E2B16326700847124 /* PCAsyncView.swift in Sources */,
				304DD3EA2B2923E20070C6DB /* Coders.swift in Sources */,
				3054A5192B05157500F006E6 /* TextExamples.swift in Sources */,
				3010F6392B12F6D900EB7360 /* CodableEdgeInsets.swift in Sources */,
				30F59C232B06D8D50092D7ED /* PicassoView.swift in Sources */,
				3091A29D2B00882C002F8FFD /* PCStack.swift in Sources */,
				30F59C252B06DFCB0092D7ED /* PCScrollView.swift in Sources */,
				30F59C3E2B0AC4830092D7ED /* CodableShapeStyle.swift in Sources */,
				30CA5B952B24EE3400BDF440 /* AnyPCView+View.swift in Sources */,
				30B4A6D32B202B5100E58CDE /* PCAlignment+Alignment.swift in Sources */,
				3010F6442B1312D000EB7360 /* PCOptionalView.swift in Sources */,
				301C838C2B0460CC005377D1 /* Modifiers.swift in Sources */,
				30E21CF82B3B5E6400FB651C /* PCViewBuilder.swift in Sources */,
				3091A28C2AFFDD66002F8FFD /* PicassoApp.swift in Sources */,
				30DCC5602B163C7C00847124 /* AsyncViewExamples.swift in Sources */,
				3010F63B2B12F6F800EB7360 /* CodableAxisSet.swift in Sources */,
				30F59C402B0AC6820092D7ED /* PCImage.swift in Sources */,
				3010F6422B13077100EB7360 /* ButtonExamples.swift in Sources */,
				3054A51B2B0515BB00F006E6 /* StackExamples.swift in Sources */,
				30B4A6CD2B2027BA00E58CDE /* PCStack+View.swift in Sources */,
				30B4A6D52B202DFB00E58CDE /* PCText+View.swift in Sources */,
				3010F63E2B13069000EB7360 /* State.swift in Sources */,
				3010F6402B1306B700EB7360 /* PCButton.swift in Sources */,
			);
			runOnlyForDeploymentPostprocessing = 0;
		};
/* End PBXSourcesBuildPhase section */

/* Begin PBXTargetDependency section */
		304F84F72B029294007080AB /* PBXTargetDependency */ = {
			isa = PBXTargetDependency;
			target = 3091A2872AFFDD66002F8FFD /* Picasso */;
			targetProxy = 304F84F62B029294007080AB /* PBXContainerItemProxy */;
		};
		305394DB2B391889006AB6D6 /* PBXTargetDependency */ = {
			isa = PBXTargetDependency;
			platformFilter = ios;
			target = 305394D32B391889006AB6D6 /* PicassoKit */;
			targetProxy = 305394DA2B391889006AB6D6 /* PBXContainerItemProxy */;
		};
/* End PBXTargetDependency section */

/* Begin XCBuildConfiguration section */
		304F84F92B029294007080AB /* Debug */ = {
			isa = XCBuildConfiguration;
			buildSettings = {
				BUNDLE_LOADER = "$(TEST_HOST)";
				CODE_SIGN_STYLE = Automatic;
				CURRENT_PROJECT_VERSION = 1;
				DEVELOPMENT_TEAM = 85JPBD89LM;
				GENERATE_INFOPLIST_FILE = YES;
				IPHONEOS_DEPLOYMENT_TARGET = 16.0;
				MACOSX_DEPLOYMENT_TARGET = 14.0;
				MARKETING_VERSION = 1.0;
				PRODUCT_BUNDLE_IDENTIFIER = com.avielgross.PicassoTests;
				PRODUCT_NAME = "$(TARGET_NAME)";
				SDKROOT = auto;
				SUPPORTED_PLATFORMS = "iphoneos iphonesimulator";
				SUPPORTS_MACCATALYST = NO;
				SWIFT_EMIT_LOC_STRINGS = NO;
				SWIFT_VERSION = 5.0;
				TARGETED_DEVICE_FAMILY = "1,2";
				TEST_HOST = "$(BUILT_PRODUCTS_DIR)/Picasso.app/$(BUNDLE_EXECUTABLE_FOLDER_PATH)/Picasso";
			};
			name = Debug;
		};
		304F84FA2B029294007080AB /* Release */ = {
			isa = XCBuildConfiguration;
			buildSettings = {
				BUNDLE_LOADER = "$(TEST_HOST)";
				CODE_SIGN_STYLE = Automatic;
				CURRENT_PROJECT_VERSION = 1;
				DEVELOPMENT_TEAM = 85JPBD89LM;
				GENERATE_INFOPLIST_FILE = YES;
				IPHONEOS_DEPLOYMENT_TARGET = 16.0;
				MACOSX_DEPLOYMENT_TARGET = 14.0;
				MARKETING_VERSION = 1.0;
				PRODUCT_BUNDLE_IDENTIFIER = com.avielgross.PicassoTests;
				PRODUCT_NAME = "$(TARGET_NAME)";
				SDKROOT = auto;
				SUPPORTED_PLATFORMS = "iphoneos iphonesimulator";
				SUPPORTS_MACCATALYST = NO;
				SWIFT_EMIT_LOC_STRINGS = NO;
				SWIFT_VERSION = 5.0;
				TARGETED_DEVICE_FAMILY = "1,2";
				TEST_HOST = "$(BUILT_PRODUCTS_DIR)/Picasso.app/$(BUNDLE_EXECUTABLE_FOLDER_PATH)/Picasso";
			};
			name = Release;
		};
		305394DF2B391889006AB6D6 /* Debug */ = {
			isa = XCBuildConfiguration;
			buildSettings = {
				BUILD_LIBRARY_FOR_DISTRIBUTION = YES;
				CODE_SIGN_STYLE = Automatic;
				CURRENT_PROJECT_VERSION = 1;
				DEFINES_MODULE = YES;
				DEVELOPMENT_TEAM = 85JPBD89LM;
				DYLIB_COMPATIBILITY_VERSION = 1;
				DYLIB_CURRENT_VERSION = 1;
				DYLIB_INSTALL_NAME_BASE = "@rpath";
				ENABLE_MODULE_VERIFIER = YES;
				GENERATE_INFOPLIST_FILE = YES;
				INFOPLIST_KEY_NSHumanReadableCopyright = "";
				INSTALL_PATH = "$(LOCAL_LIBRARY_DIR)/Frameworks";
				IPHONEOS_DEPLOYMENT_TARGET = 16.0;
				LD_RUNPATH_SEARCH_PATHS = (
					"$(inherited)",
					"@executable_path/Frameworks",
					"@loader_path/Frameworks",
				);
				MARKETING_VERSION = 1.0;
				MODULE_VERIFIER_SUPPORTED_LANGUAGES = "objective-c objective-c++";
				MODULE_VERIFIER_SUPPORTED_LANGUAGE_STANDARDS = "gnu17 gnu++20";
				PRODUCT_BUNDLE_IDENTIFIER = com.avielgross.PicassoKit;
				PRODUCT_NAME = "$(TARGET_NAME:c99extidentifier)";
				SDKROOT = iphoneos;
				SKIP_INSTALL = NO;
				SWIFT_EMIT_LOC_STRINGS = YES;
				SWIFT_VERSION = 5.0;
				TARGETED_DEVICE_FAMILY = "1,2";
				VERSIONING_SYSTEM = "apple-generic";
				VERSION_INFO_PREFIX = "";
			};
			name = Debug;
		};
		305394E02B391889006AB6D6 /* Release */ = {
			isa = XCBuildConfiguration;
			buildSettings = {
				BUILD_LIBRARY_FOR_DISTRIBUTION = YES;
				CODE_SIGN_STYLE = Automatic;
				CURRENT_PROJECT_VERSION = 1;
				DEFINES_MODULE = YES;
				DEVELOPMENT_TEAM = 85JPBD89LM;
				DYLIB_COMPATIBILITY_VERSION = 1;
				DYLIB_CURRENT_VERSION = 1;
				DYLIB_INSTALL_NAME_BASE = "@rpath";
				ENABLE_MODULE_VERIFIER = YES;
				GENERATE_INFOPLIST_FILE = YES;
				INFOPLIST_KEY_NSHumanReadableCopyright = "";
				INSTALL_PATH = "$(LOCAL_LIBRARY_DIR)/Frameworks";
				IPHONEOS_DEPLOYMENT_TARGET = 16.0;
				LD_RUNPATH_SEARCH_PATHS = (
					"$(inherited)",
					"@executable_path/Frameworks",
					"@loader_path/Frameworks",
				);
				MARKETING_VERSION = 1.0;
				MODULE_VERIFIER_SUPPORTED_LANGUAGES = "objective-c objective-c++";
				MODULE_VERIFIER_SUPPORTED_LANGUAGE_STANDARDS = "gnu17 gnu++20";
				PRODUCT_BUNDLE_IDENTIFIER = com.avielgross.PicassoKit;
				PRODUCT_NAME = "$(TARGET_NAME:c99extidentifier)";
				SDKROOT = iphoneos;
				SKIP_INSTALL = NO;
				SWIFT_EMIT_LOC_STRINGS = YES;
				SWIFT_VERSION = 5.0;
				TARGETED_DEVICE_FAMILY = "1,2";
				VALIDATE_PRODUCT = YES;
				VERSIONING_SYSTEM = "apple-generic";
				VERSION_INFO_PREFIX = "";
			};
			name = Release;
		};
		3091A2952AFFDD68002F8FFD /* Debug */ = {
			isa = XCBuildConfiguration;
			buildSettings = {
				ALWAYS_SEARCH_USER_PATHS = NO;
				ASSETCATALOG_COMPILER_GENERATE_SWIFT_ASSET_SYMBOL_EXTENSIONS = YES;
				CLANG_ANALYZER_NONNULL = YES;
				CLANG_ANALYZER_NUMBER_OBJECT_CONVERSION = YES_AGGRESSIVE;
				CLANG_CXX_LANGUAGE_STANDARD = "gnu++20";
				CLANG_ENABLE_MODULES = YES;
				CLANG_ENABLE_OBJC_ARC = YES;
				CLANG_ENABLE_OBJC_WEAK = YES;
				CLANG_WARN_BLOCK_CAPTURE_AUTORELEASING = YES;
				CLANG_WARN_BOOL_CONVERSION = YES;
				CLANG_WARN_COMMA = YES;
				CLANG_WARN_CONSTANT_CONVERSION = YES;
				CLANG_WARN_DEPRECATED_OBJC_IMPLEMENTATIONS = YES;
				CLANG_WARN_DIRECT_OBJC_ISA_USAGE = YES_ERROR;
				CLANG_WARN_DOCUMENTATION_COMMENTS = YES;
				CLANG_WARN_EMPTY_BODY = YES;
				CLANG_WARN_ENUM_CONVERSION = YES;
				CLANG_WARN_INFINITE_RECURSION = YES;
				CLANG_WARN_INT_CONVERSION = YES;
				CLANG_WARN_NON_LITERAL_NULL_CONVERSION = YES;
				CLANG_WARN_OBJC_IMPLICIT_RETAIN_SELF = YES;
				CLANG_WARN_OBJC_LITERAL_CONVERSION = YES;
				CLANG_WARN_OBJC_ROOT_CLASS = YES_ERROR;
				CLANG_WARN_QUOTED_INCLUDE_IN_FRAMEWORK_HEADER = YES;
				CLANG_WARN_RANGE_LOOP_ANALYSIS = YES;
				CLANG_WARN_STRICT_PROTOTYPES = YES;
				CLANG_WARN_SUSPICIOUS_MOVE = YES;
				CLANG_WARN_UNGUARDED_AVAILABILITY = YES_AGGRESSIVE;
				CLANG_WARN_UNREACHABLE_CODE = YES;
				CLANG_WARN__DUPLICATE_METHOD_MATCH = YES;
				COPY_PHASE_STRIP = NO;
				DEBUG_INFORMATION_FORMAT = dwarf;
				ENABLE_STRICT_OBJC_MSGSEND = YES;
				ENABLE_TESTABILITY = YES;
				ENABLE_USER_SCRIPT_SANDBOXING = YES;
				GCC_C_LANGUAGE_STANDARD = gnu17;
				GCC_DYNAMIC_NO_PIC = NO;
				GCC_NO_COMMON_BLOCKS = YES;
				GCC_OPTIMIZATION_LEVEL = 0;
				GCC_PREPROCESSOR_DEFINITIONS = (
					"DEBUG=1",
					"$(inherited)",
				);
				GCC_WARN_64_TO_32_BIT_CONVERSION = YES;
				GCC_WARN_ABOUT_RETURN_TYPE = YES_ERROR;
				GCC_WARN_UNDECLARED_SELECTOR = YES;
				GCC_WARN_UNINITIALIZED_AUTOS = YES_AGGRESSIVE;
				GCC_WARN_UNUSED_FUNCTION = YES;
				GCC_WARN_UNUSED_VARIABLE = YES;
				LOCALIZATION_PREFERS_STRING_CATALOGS = YES;
				MTL_ENABLE_DEBUG_INFO = INCLUDE_SOURCE;
				MTL_FAST_MATH = YES;
				ONLY_ACTIVE_ARCH = YES;
				SWIFT_ACTIVE_COMPILATION_CONDITIONS = "DEBUG $(inherited)";
				SWIFT_OPTIMIZATION_LEVEL = "-Onone";
			};
			name = Debug;
		};
		3091A2962AFFDD68002F8FFD /* Release */ = {
			isa = XCBuildConfiguration;
			buildSettings = {
				ALWAYS_SEARCH_USER_PATHS = NO;
				ASSETCATALOG_COMPILER_GENERATE_SWIFT_ASSET_SYMBOL_EXTENSIONS = YES;
				CLANG_ANALYZER_NONNULL = YES;
				CLANG_ANALYZER_NUMBER_OBJECT_CONVERSION = YES_AGGRESSIVE;
				CLANG_CXX_LANGUAGE_STANDARD = "gnu++20";
				CLANG_ENABLE_MODULES = YES;
				CLANG_ENABLE_OBJC_ARC = YES;
				CLANG_ENABLE_OBJC_WEAK = YES;
				CLANG_WARN_BLOCK_CAPTURE_AUTORELEASING = YES;
				CLANG_WARN_BOOL_CONVERSION = YES;
				CLANG_WARN_COMMA = YES;
				CLANG_WARN_CONSTANT_CONVERSION = YES;
				CLANG_WARN_DEPRECATED_OBJC_IMPLEMENTATIONS = YES;
				CLANG_WARN_DIRECT_OBJC_ISA_USAGE = YES_ERROR;
				CLANG_WARN_DOCUMENTATION_COMMENTS = YES;
				CLANG_WARN_EMPTY_BODY = YES;
				CLANG_WARN_ENUM_CONVERSION = YES;
				CLANG_WARN_INFINITE_RECURSION = YES;
				CLANG_WARN_INT_CONVERSION = YES;
				CLANG_WARN_NON_LITERAL_NULL_CONVERSION = YES;
				CLANG_WARN_OBJC_IMPLICIT_RETAIN_SELF = YES;
				CLANG_WARN_OBJC_LITERAL_CONVERSION = YES;
				CLANG_WARN_OBJC_ROOT_CLASS = YES_ERROR;
				CLANG_WARN_QUOTED_INCLUDE_IN_FRAMEWORK_HEADER = YES;
				CLANG_WARN_RANGE_LOOP_ANALYSIS = YES;
				CLANG_WARN_STRICT_PROTOTYPES = YES;
				CLANG_WARN_SUSPICIOUS_MOVE = YES;
				CLANG_WARN_UNGUARDED_AVAILABILITY = YES_AGGRESSIVE;
				CLANG_WARN_UNREACHABLE_CODE = YES;
				CLANG_WARN__DUPLICATE_METHOD_MATCH = YES;
				COPY_PHASE_STRIP = NO;
				DEBUG_INFORMATION_FORMAT = "dwarf-with-dsym";
				ENABLE_NS_ASSERTIONS = NO;
				ENABLE_STRICT_OBJC_MSGSEND = YES;
				ENABLE_USER_SCRIPT_SANDBOXING = YES;
				GCC_C_LANGUAGE_STANDARD = gnu17;
				GCC_NO_COMMON_BLOCKS = YES;
				GCC_WARN_64_TO_32_BIT_CONVERSION = YES;
				GCC_WARN_ABOUT_RETURN_TYPE = YES_ERROR;
				GCC_WARN_UNDECLARED_SELECTOR = YES;
				GCC_WARN_UNINITIALIZED_AUTOS = YES_AGGRESSIVE;
				GCC_WARN_UNUSED_FUNCTION = YES;
				GCC_WARN_UNUSED_VARIABLE = YES;
				LOCALIZATION_PREFERS_STRING_CATALOGS = YES;
				MTL_ENABLE_DEBUG_INFO = NO;
				MTL_FAST_MATH = YES;
				SWIFT_COMPILATION_MODE = wholemodule;
			};
			name = Release;
		};
		3091A2982AFFDD68002F8FFD /* Debug */ = {
			isa = XCBuildConfiguration;
			buildSettings = {
				ALWAYS_EMBED_SWIFT_STANDARD_LIBRARIES = YES;
				ASSETCATALOG_COMPILER_APPICON_NAME = AppIcon;
				ASSETCATALOG_COMPILER_GLOBAL_ACCENT_COLOR_NAME = AccentColor;
				CODE_SIGN_ENTITLEMENTS = Picasso/Picasso.entitlements;
				CODE_SIGN_STYLE = Automatic;
				CURRENT_PROJECT_VERSION = 1;
				DEVELOPMENT_ASSET_PATHS = "\"Picasso/Preview Content\"";
				DEVELOPMENT_TEAM = 85JPBD89LM;
				ENABLE_HARDENED_RUNTIME = YES;
				ENABLE_PREVIEWS = YES;
				GENERATE_INFOPLIST_FILE = YES;
				INFOPLIST_FILE = Picasso/Info.plist;
				"INFOPLIST_KEY_UIApplicationSceneManifest_Generation[sdk=iphoneos*]" = YES;
				"INFOPLIST_KEY_UIApplicationSceneManifest_Generation[sdk=iphonesimulator*]" = YES;
				"INFOPLIST_KEY_UIApplicationSupportsIndirectInputEvents[sdk=iphoneos*]" = YES;
				"INFOPLIST_KEY_UIApplicationSupportsIndirectInputEvents[sdk=iphonesimulator*]" = YES;
				"INFOPLIST_KEY_UILaunchScreen_Generation[sdk=iphoneos*]" = YES;
				"INFOPLIST_KEY_UILaunchScreen_Generation[sdk=iphonesimulator*]" = YES;
				"INFOPLIST_KEY_UIStatusBarStyle[sdk=iphoneos*]" = UIStatusBarStyleDefault;
				"INFOPLIST_KEY_UIStatusBarStyle[sdk=iphonesimulator*]" = UIStatusBarStyleDefault;
				INFOPLIST_KEY_UISupportedInterfaceOrientations_iPad = "UIInterfaceOrientationPortrait UIInterfaceOrientationPortraitUpsideDown UIInterfaceOrientationLandscapeLeft UIInterfaceOrientationLandscapeRight";
				INFOPLIST_KEY_UISupportedInterfaceOrientations_iPhone = "UIInterfaceOrientationPortrait UIInterfaceOrientationLandscapeLeft UIInterfaceOrientationLandscapeRight";
				IPHONEOS_DEPLOYMENT_TARGET = 16.0;
				LD_RUNPATH_SEARCH_PATHS = "@executable_path/Frameworks";
				"LD_RUNPATH_SEARCH_PATHS[sdk=macosx*]" = "@executable_path/../Frameworks";
				MACOSX_DEPLOYMENT_TARGET = 14.0;
				MARKETING_VERSION = 1.0;
				PRODUCT_BUNDLE_IDENTIFIER = com.avielgross.Picasso;
				PRODUCT_NAME = "$(TARGET_NAME)";
				SDKROOT = auto;
				SUPPORTED_PLATFORMS = "iphoneos iphonesimulator";
				SUPPORTS_MACCATALYST = YES;
				SWIFT_EMIT_LOC_STRINGS = YES;
				SWIFT_VERSION = 5.0;
				TARGETED_DEVICE_FAMILY = "1,2";
			};
			name = Debug;
		};
		3091A2992AFFDD68002F8FFD /* Release */ = {
			isa = XCBuildConfiguration;
			buildSettings = {
				ALWAYS_EMBED_SWIFT_STANDARD_LIBRARIES = YES;
				ASSETCATALOG_COMPILER_APPICON_NAME = AppIcon;
				ASSETCATALOG_COMPILER_GLOBAL_ACCENT_COLOR_NAME = AccentColor;
				CODE_SIGN_ENTITLEMENTS = Picasso/Picasso.entitlements;
				CODE_SIGN_STYLE = Automatic;
				CURRENT_PROJECT_VERSION = 1;
				DEVELOPMENT_ASSET_PATHS = "\"Picasso/Preview Content\"";
				DEVELOPMENT_TEAM = 85JPBD89LM;
				ENABLE_HARDENED_RUNTIME = YES;
				ENABLE_PREVIEWS = YES;
				ENABLE_TESTABILITY = YES;
				GENERATE_INFOPLIST_FILE = YES;
				INFOPLIST_FILE = Picasso/Info.plist;
				"INFOPLIST_KEY_UIApplicationSceneManifest_Generation[sdk=iphoneos*]" = YES;
				"INFOPLIST_KEY_UIApplicationSceneManifest_Generation[sdk=iphonesimulator*]" = YES;
				"INFOPLIST_KEY_UIApplicationSupportsIndirectInputEvents[sdk=iphoneos*]" = YES;
				"INFOPLIST_KEY_UIApplicationSupportsIndirectInputEvents[sdk=iphonesimulator*]" = YES;
				"INFOPLIST_KEY_UILaunchScreen_Generation[sdk=iphoneos*]" = YES;
				"INFOPLIST_KEY_UILaunchScreen_Generation[sdk=iphonesimulator*]" = YES;
				"INFOPLIST_KEY_UIStatusBarStyle[sdk=iphoneos*]" = UIStatusBarStyleDefault;
				"INFOPLIST_KEY_UIStatusBarStyle[sdk=iphonesimulator*]" = UIStatusBarStyleDefault;
				INFOPLIST_KEY_UISupportedInterfaceOrientations_iPad = "UIInterfaceOrientationPortrait UIInterfaceOrientationPortraitUpsideDown UIInterfaceOrientationLandscapeLeft UIInterfaceOrientationLandscapeRight";
				INFOPLIST_KEY_UISupportedInterfaceOrientations_iPhone = "UIInterfaceOrientationPortrait UIInterfaceOrientationLandscapeLeft UIInterfaceOrientationLandscapeRight";
				IPHONEOS_DEPLOYMENT_TARGET = 16.0;
				LD_RUNPATH_SEARCH_PATHS = "@executable_path/Frameworks";
				"LD_RUNPATH_SEARCH_PATHS[sdk=macosx*]" = "@executable_path/../Frameworks";
				MACOSX_DEPLOYMENT_TARGET = 14.0;
				MARKETING_VERSION = 1.0;
				PRODUCT_BUNDLE_IDENTIFIER = com.avielgross.Picasso;
				PRODUCT_NAME = "$(TARGET_NAME)";
				SDKROOT = auto;
				SUPPORTED_PLATFORMS = "iphoneos iphonesimulator";
				SUPPORTS_MACCATALYST = YES;
				SWIFT_EMIT_LOC_STRINGS = YES;
				SWIFT_VERSION = 5.0;
				TARGETED_DEVICE_FAMILY = "1,2";
			};
			name = Release;
		};
/* End XCBuildConfiguration section */

/* Begin XCConfigurationList section */
		304F84F82B029294007080AB /* Build configuration list for PBXNativeTarget "PicassoTests" */ = {
			isa = XCConfigurationList;
			buildConfigurations = (
				304F84F92B029294007080AB /* Debug */,
				304F84FA2B029294007080AB /* Release */,
			);
			defaultConfigurationIsVisible = 0;
			defaultConfigurationName = Release;
		};
		305394E12B391889006AB6D6 /* Build configuration list for PBXNativeTarget "PicassoKit" */ = {
			isa = XCConfigurationList;
			buildConfigurations = (
				305394DF2B391889006AB6D6 /* Debug */,
				305394E02B391889006AB6D6 /* Release */,
			);
			defaultConfigurationIsVisible = 0;
			defaultConfigurationName = Release;
		};
		3091A2832AFFDD66002F8FFD /* Build configuration list for PBXProject "Picasso" */ = {
			isa = XCConfigurationList;
			buildConfigurations = (
				3091A2952AFFDD68002F8FFD /* Debug */,
				3091A2962AFFDD68002F8FFD /* Release */,
			);
			defaultConfigurationIsVisible = 0;
			defaultConfigurationName = Release;
		};
		3091A2972AFFDD68002F8FFD /* Build configuration list for PBXNativeTarget "Picasso" */ = {
			isa = XCConfigurationList;
			buildConfigurations = (
				3091A2982AFFDD68002F8FFD /* Debug */,
				3091A2992AFFDD68002F8FFD /* Release */,
			);
			defaultConfigurationIsVisible = 0;
			defaultConfigurationName = Release;
		};
/* End XCConfigurationList section */

/* Begin XCRemoteSwiftPackageReference section */
		3010F6322B10F87E00EB7360 /* XCRemoteSwiftPackageReference "ZippyJSON" */ = {
			isa = XCRemoteSwiftPackageReference;
			repositoryURL = "https://github.com/michaeleisel/ZippyJSON";
			requirement = {
				kind = upToNextMajorVersion;
				minimumVersion = 1.2.10;
			};
		};
		3091A29E2B009BE4002F8FFD /* XCRemoteSwiftPackageReference "AnyCodable" */ = {
			isa = XCRemoteSwiftPackageReference;
			repositoryURL = "https://github.com/Flight-School/AnyCodable";
			requirement = {
				kind = upToNextMajorVersion;
				minimumVersion = 0.6.7;
			};
		};
		30C8EC662B268F5C000D674C /* XCRemoteSwiftPackageReference "msgpack-swift" */ = {
			isa = XCRemoteSwiftPackageReference;
			repositoryURL = "https://github.com/fumoboy007/msgpack-swift";
			requirement = {
				kind = upToNextMajorVersion;
				minimumVersion = 2.0.0;
			};
		};
		30C8EC692B269945000D674C /* XCRemoteSwiftPackageReference "MessagePacker" */ = {
			isa = XCRemoteSwiftPackageReference;
			repositoryURL = "https://github.com/hirotakan/MessagePacker";
			requirement = {
				kind = upToNextMajorVersion;
				minimumVersion = 0.4.7;
			};
		};
/* End XCRemoteSwiftPackageReference section */

/* Begin XCSwiftPackageProductDependency section */
		3010F6332B10F87E00EB7360 /* ZippyJSON */ = {
			isa = XCSwiftPackageProductDependency;
			package = 3010F6322B10F87E00EB7360 /* XCRemoteSwiftPackageReference "ZippyJSON" */;
			productName = ZippyJSON;
		};
		305394FF2B3919B0006AB6D6 /* AnyCodable */ = {
			isa = XCSwiftPackageProductDependency;
			package = 3091A29E2B009BE4002F8FFD /* XCRemoteSwiftPackageReference "AnyCodable" */;
			productName = AnyCodable;
		};
		3091A29F2B009BE4002F8FFD /* AnyCodable */ = {
			isa = XCSwiftPackageProductDependency;
			package = 3091A29E2B009BE4002F8FFD /* XCRemoteSwiftPackageReference "AnyCodable" */;
			productName = AnyCodable;
		};
		30C8EC672B268F5C000D674C /* DMMessagePack */ = {
			isa = XCSwiftPackageProductDependency;
			package = 30C8EC662B268F5C000D674C /* XCRemoteSwiftPackageReference "msgpack-swift" */;
			productName = DMMessagePack;
		};
		30C8EC6A2B269945000D674C /* MessagePacker */ = {
			isa = XCSwiftPackageProductDependency;
			package = 30C8EC692B269945000D674C /* XCRemoteSwiftPackageReference "MessagePacker" */;
			productName = MessagePacker;
		};
		30D2BA622B39FA1B0030391C /* AnyCodable */ = {
			isa = XCSwiftPackageProductDependency;
			package = 3091A29E2B009BE4002F8FFD /* XCRemoteSwiftPackageReference "AnyCodable" */;
			productName = AnyCodable;
		};
/* End XCSwiftPackageProductDependency section */
	};
	rootObject = 3091A2802AFFDD66002F8FFD /* Project object */;
}
